
Microsoft Visual Studio Solution File, Format Version 10.00
# Visual Studio 2008
Project("{E24C65DC-7377-472B-9ABA-BC803B73C61A}") = "New_Project", ".", "{BEF14744-8240-4B73-A4F3-7EC974F08B75}"
	ProjectSection(WebsiteProperties) = preProject
		TargetFramework = "3.5"
		Debug.AspNetCompiler.VirtualPath = "/New_Project"
		Debug.AspNetCompiler.PhysicalPath = "..\..\WebSites\New_Project\"
		Debug.AspNetCompiler.TargetPath = "PrecompiledWeb\New_Project\"
		Debug.AspNetCompiler.Updateable = "true"
		Debug.AspNetCompiler.ForceOverwrite = "true"
		Debug.AspNetCompiler.FixedNames = "false"
		Debug.AspNetCompiler.Debug = "True"
		Release.AspNetCompiler.VirtualPath = "/New_Project"
		Release.AspNetCompiler.PhysicalPath = "..\..\WebSites\New_Project\"
		Release.AspNetCompiler.TargetPath = "PrecompiledWeb\New_Project\"
		Release.AspNetCompiler.Updateable = "true"
		Release.AspNetCompiler.ForceOverwrite = "true"
		Release.AspNetCompiler.FixedNames = "false"
		Release.AspNetCompiler.Debug = "False"
		VWDPort = "49279"
	EndProjectSection
EndProject
Global
	GlobalSection(SolutionConfigurationPlatforms) = preSolution
		Debug|.NET = Debug|.NET
	EndGlobalSection
	GlobalSection(ProjectConfigurationPlatforms) = postSolution
		{BEF14744-8240-4B73-A4F3-7EC974F08B75}.Debug|.NET.ActiveCfg = Debug|.NET
		{BEF14744-8240-4B73-A4F3-7EC974F08B75}.Debug|.NET.Build.0 = Debug|.NET
	EndGlobalSection
	GlobalSection(SolutionProperties) = preSolution
		HideSolutionNode = FALSE
	EndGlobalSection
EndGlobal
